
Microsoft Visual Studio Solution File, Format Version 12.00
# Visual Studio Version 16
VisualStudioVersion = 16.0.30611.23
MinimumVisualStudioVersion = 10.0.40219.1
Project("{FAE04EC0-301F-11D3-BF4B-00C04F79EFBC}") = "WP_2020_01_HW01_3A713133", "WP_2020_01_HW01_3A713133.csproj", "{367D2FC8-C123-4EA3-9B08-2A23FA15F531}"
EndProject
Global
	GlobalSection(SolutionConfigurationPlatforms) = preSolution
		Debug|Any CPU = Debug|Any CPU
		Release|Any CPU = Release|Any CPU
	EndGlobalSection
	GlobalSection(ProjectConfigurationPlatforms) = postSolution
		{367D2FC8-C123-4EA3-9B08-2A23FA15F531}.Debug|Any CPU.ActiveCfg = Debug|Any CPU
		{367D2FC8-C123-4EA3-9B08-2A23FA15F531}.Debug|Any CPU.Build.0 = Debug|Any CPU
		{367D2FC8-C123-4EA3-9B08-2A23FA15F531}.Release|Any CPU.ActiveCfg = Release|Any CPU
		{367D2FC8-C123-4EA3-9B08-2A23FA15F531}.Release|Any CPU.Build.0 = Release|Any CPU
	EndGlobalSection
	GlobalSection(SolutionProperties) = preSolution
		HideSolutionNode = FALSE
	EndGlobalSection
	GlobalSection(ExtensibilityGlobals) = postSolution
		SolutionGuid = {A4DEF003-7070-4D6F-9929-4BC58C72B2E8}
	EndGlobalSection
EndGlobal
